
Microsoft Visual Studio Solution File, Format Version 12.00
# Visual Studio Version 17
VisualStudioVersion = 17.9.34728.123
MinimumVisualStudioVersion = 10.0.40219.1
Project("{9A19103F-16F7-4668-BE54-9A1E7A4F7556}") = "F1Api", "F1Api\F1Api.csproj", "{162A7D3B-5C52-4845-BE99-CAEC978281B5}"
EndProject
Project("{FAE04EC0-301F-11D3-BF4B-00C04F79EFBC}") = "F1Api.Test.Unit", "F1Api.Test.Unit\F1Api.Test.Unit.csproj", "{89A38C53-326F-44E7-B01D-A88BA2D0EF4A}"
EndProject
Project("{FAE04EC0-301F-11D3-BF4B-00C04F79EFBC}") = "F1Api.Test.Acceptance", "F1Api.Test.Acceptance\F1Api.Test.Acceptance.csproj", "{8DBC24EA-495C-4B8C-8E34-FAFCF5C69856}"
EndProject
Project("{FAE04EC0-301F-11D3-BF4B-00C04F79EFBC}") = "F1Api.Test.Integration", "F1Api.Test.Integration\F1Api.Test.Integration.csproj", "{77FE20B1-096F-4C85-8D52-C4A0FD55379E}"
EndProject
Global
	GlobalSection(SolutionConfigurationPlatforms) = preSolution
		Debug|Any CPU = Debug|Any CPU
		Release|Any CPU = Release|Any CPU
	EndGlobalSection
	GlobalSection(ProjectConfigurationPlatforms) = postSolution
		{162A7D3B-5C52-4845-BE99-CAEC978281B5}.Debug|Any CPU.ActiveCfg = Debug|Any CPU
		{162A7D3B-5C52-4845-BE99-CAEC978281B5}.Debug|Any CPU.Build.0 = Debug|Any CPU
		{162A7D3B-5C52-4845-BE99-CAEC978281B5}.Release|Any CPU.ActiveCfg = Release|Any CPU
		{162A7D3B-5C52-4845-BE99-CAEC978281B5}.Release|Any CPU.Build.0 = Release|Any CPU
		{89A38C53-326F-44E7-B01D-A88BA2D0EF4A}.Debug|Any CPU.ActiveCfg = Debug|Any CPU
		{89A38C53-326F-44E7-B01D-A88BA2D0EF4A}.Debug|Any CPU.Build.0 = Debug|Any CPU
		{89A38C53-326F-44E7-B01D-A88BA2D0EF4A}.Release|Any CPU.ActiveCfg = Release|Any CPU
		{89A38C53-326F-44E7-B01D-A88BA2D0EF4A}.Release|Any CPU.Build.0 = Release|Any CPU
		{8DBC24EA-495C-4B8C-8E34-FAFCF5C69856}.Debug|Any CPU.ActiveCfg = Debug|Any CPU
		{8DBC24EA-495C-4B8C-8E34-FAFCF5C69856}.Debug|Any CPU.Build.0 = Debug|Any CPU
		{8DBC24EA-495C-4B8C-8E34-FAFCF5C69856}.Release|Any CPU.ActiveCfg = Release|Any CPU
		{8DBC24EA-495C-4B8C-8E34-FAFCF5C69856}.Release|Any CPU.Build.0 = Release|Any CPU
		{77FE20B1-096F-4C85-8D52-C4A0FD55379E}.Debug|Any CPU.ActiveCfg = Debug|Any CPU
		{77FE20B1-096F-4C85-8D52-C4A0FD55379E}.Debug|Any CPU.Build.0 = Debug|Any CPU
		{77FE20B1-096F-4C85-8D52-C4A0FD55379E}.Release|Any CPU.ActiveCfg = Release|Any CPU
		{77FE20B1-096F-4C85-8D52-C4A0FD55379E}.Release|Any CPU.Build.0 = Release|Any CPU
	EndGlobalSection
	GlobalSection(SolutionProperties) = preSolution
		HideSolutionNode = FALSE
	EndGlobalSection
	GlobalSection(ExtensibilityGlobals) = postSolution
		SolutionGuid = {48C7D942-9A10-4472-A114-A96EA767BA65}
	EndGlobalSection
EndGlobal
